
Microsoft Visual Studio Solution File, Format Version 12.00
# Visual Studio Version 17
VisualStudioVersion = 17.12.35514.174 d17.12
MinimumVisualStudioVersion = 10.0.40219.1
Project("{FAE04EC0-301F-11D3-BF4B-00C04F79EFBC}") = "10-Boolean", "10-Boolean.csproj", "{7C14D614-E7D3-42D3-BFDE-447406A48CE0}"
EndProject
Global
	GlobalSection(SolutionConfigurationPlatforms) = preSolution
		Debug|Any CPU = Debug|Any CPU
		Release|Any CPU = Release|Any CPU
	EndGlobalSection
	GlobalSection(ProjectConfigurationPlatforms) = postSolution
		{7C14D614-E7D3-42D3-BFDE-447406A48CE0}.Debug|Any CPU.ActiveCfg = Debug|Any CPU
		{7C14D614-E7D3-42D3-BFDE-447406A48CE0}.Debug|Any CPU.Build.0 = Debug|Any CPU
		{7C14D614-E7D3-42D3-BFDE-447406A48CE0}.Release|Any CPU.ActiveCfg = Release|Any CPU
		{7C14D614-E7D3-42D3-BFDE-447406A48CE0}.Release|Any CPU.Build.0 = Release|Any CPU
	EndGlobalSection
	GlobalSection(SolutionProperties) = preSolution
		HideSolutionNode = FALSE
	EndGlobalSection
EndGlobal
